
Microsoft Visual Studio Solution File, Format Version 12.00
Project("{FAE04EC0-301F-11D3-BF4B-00C04F79EFBC}") = "AgentProtocol.Sdk", "AgentProtocol.Sdk\AgentProtocol.Sdk.csproj", "{4331AF19-C82A-49C4-B90A-87EE9A6F9440}"
EndProject
Global
	GlobalSection(SolutionConfigurationPlatforms) = preSolution
		Debug|Any CPU = Debug|Any CPU
		Release|Any CPU = Release|Any CPU
	EndGlobalSection
	GlobalSection(ProjectConfigurationPlatforms) = postSolution
		{4331AF19-C82A-49C4-B90A-87EE9A6F9440}.Debug|Any CPU.ActiveCfg = Debug|Any CPU
		{4331AF19-C82A-49C4-B90A-87EE9A6F9440}.Debug|Any CPU.Build.0 = Debug|Any CPU
		{4331AF19-C82A-49C4-B90A-87EE9A6F9440}.Release|Any CPU.ActiveCfg = Release|Any CPU
		{4331AF19-C82A-49C4-B90A-87EE9A6F9440}.Release|Any CPU.Build.0 = Release|Any CPU
	EndGlobalSection
EndGlobal
